
Microsoft Visual Studio Solution File, Format Version 12.00
# Visual Studio Version 17
VisualStudioVersion = 17.3.32804.467
MinimumVisualStudioVersion = 10.0.40219.1
Project("{9A19103F-16F7-4668-BE54-9A1E7A4F7556}") = "WASMSerialTerminal", "WASMSerialTerminal\WASMSerialTerminal.csproj", "{C81938F7-5B65-4AC4-B800-6709ABCA2352}"
EndProject
Global
	GlobalSection(SolutionConfigurationPlatforms) = preSolution
		Debug|Any CPU = Debug|Any CPU
		Release|Any CPU = Release|Any CPU
	EndGlobalSection
	GlobalSection(ProjectConfigurationPlatforms) = postSolution
		{C81938F7-5B65-4AC4-B800-6709ABCA2352}.Debug|Any CPU.ActiveCfg = Debug|Any CPU
		{C81938F7-5B65-4AC4-B800-6709ABCA2352}.Debug|Any CPU.Build.0 = Debug|Any CPU
		{C81938F7-5B65-4AC4-B800-6709ABCA2352}.Release|Any CPU.ActiveCfg = Release|Any CPU
		{C81938F7-5B65-4AC4-B800-6709ABCA2352}.Release|Any CPU.Build.0 = Release|Any CPU
	EndGlobalSection
	GlobalSection(SolutionProperties) = preSolution
		HideSolutionNode = FALSE
	EndGlobalSection
	GlobalSection(ExtensibilityGlobals) = postSolution
		SolutionGuid = {9C3F46C3-DDB5-47FC-B105-D5EF2008E887}
	EndGlobalSection
EndGlobal
